{
    "name": "google-meet-volume",
    "version": "1.0.0",
    "lockfileVersion": 1,
    "requires": true,
    "dependencies": {
        "@types/chrome": {
            "version": "0.0.123",
            "resolved": "https://registry.npmjs.org/@types/chrome/-/chrome-0.0.123.tgz",
            "integrity": "sha512-fG6GPreuSY+Z+0e3dtBz5MJ5qyZ2feOZISG8udxBiuwUYqykK1q4NxkjfzL2F5I05LqK2ojP7ZR08Gcfo3ubHQ==",
            "requires": {
                "@types/filesystem": "*",
                "@types/har-format": "*"
            }
        },
        "@types/filesystem": {
            "version": "0.0.29",
            "resolved": "https://registry.npmjs.org/@types/filesystem/-/filesystem-0.0.29.tgz",
            "integrity": "sha512-85/1KfRedmfPGsbK8YzeaQUyV1FQAvMPMTuWFQ5EkLd2w7szhNO96bk3Rh/SKmOfd9co2rCLf0Voy4o7ECBOvw==",
            "requires": {
                "@types/filewriter": "*"
            }
        },
        "@types/filewriter": {
            "version": "0.0.28",
            "resolved": "https://registry.npmjs.org/@types/filewriter/-/filewriter-0.0.28.tgz",
            "integrity": "sha1-wFTor02d11205jq8dviFFocU1LM="
        },
        "@types/har-format": {
            "version": "1.2.4",
            "resolved": "https://registry.npmjs.org/@types/har-format/-/har-format-1.2.4.tgz",
            "integrity": "sha512-iUxzm1meBm3stxUMzRqgOVHjj4Kgpgu5w9fm4X7kPRfSgVRzythsucEN7/jtOo8SQzm+HfcxWWzJS0mJDH/3DQ=="
        },
        "buffer-crc32": {
            "version": "0.2.13",
            "resolved": "https://registry.npmjs.org/buffer-crc32/-/buffer-crc32-0.2.13.tgz",
            "integrity": "sha1-DTM+PwDqxQqhRUq9MO+MKl2ackI="
        },
        "crx3": {
            "version": "1.1.2",
            "resolved": "https://registry.npmjs.org/crx3/-/crx3-1.1.2.tgz",
            "integrity": "sha512-EYp/rDiA7RbvsUJDAYaiUMEh2unG4bS6jX+4Qtv+JjuMf5CqFmGK0StdlKpSy06kgg7iosb8EtijznCsg5rnjw==",
            "requires": {
                "mri": "^1.1.4",
                "pbf": "^3.2.0",
                "yazl": "^2.5.1"
            }
        },
        "ieee754": {
            "version": "1.1.13",
            "resolved": "https://registry.npmjs.org/ieee754/-/ieee754-1.1.13.tgz",
            "integrity": "sha512-4vf7I2LYV/HaWerSo3XmlMkp5eZ83i+/CDluXi/IGTs/O1sejBNhTtnxzmRZfvOUqj7lZjqHkeTvpgSFDlWZTg=="
        },
        "mri": {
            "version": "1.1.6",
            "resolved": "https://registry.npmjs.org/mri/-/mri-1.1.6.tgz",
            "integrity": "sha512-oi1b3MfbyGa7FJMP9GmLTttni5JoICpYBRlq+x5V16fZbLsnL9N3wFqqIm/nIG43FjUFkFh9Epzp/kzUGUnJxQ=="
        },
        "pbf": {
            "version": "3.2.1",
            "resolved": "https://registry.npmjs.org/pbf/-/pbf-3.2.1.tgz",
            "integrity": "sha512-ClrV7pNOn7rtmoQVF4TS1vyU0WhYRnP92fzbfF75jAIwpnzdJXf8iTd4CMEqO4yUenH6NDqLiwjqlh6QgZzgLQ==",
            "requires": {
                "ieee754": "^1.1.12",
                "resolve-protobuf-schema": "^2.1.0"
            }
        },
        "protocol-buffers-schema": {
            "version": "3.4.0",
            "resolved": "https://registry.npmjs.org/protocol-buffers-schema/-/protocol-buffers-schema-3.4.0.tgz",
            "integrity": "sha512-G/2kcamPF2S49W5yaMGdIpkG6+5wZF0fzBteLKgEHjbNzqjZQ85aAs1iJGto31EJaSTkNvHs5IXuHSaTLWBAiA=="
        },
        "resolve-protobuf-schema": {
            "version": "2.1.0",
            "resolved": "https://registry.npmjs.org/resolve-protobuf-schema/-/resolve-protobuf-schema-2.1.0.tgz",
            "integrity": "sha512-kI5ffTiZWmJaS/huM8wZfEMer1eRd7oJQhDuxeCLe3t7N7mX3z94CN0xPxBQxFYQTSNz9T0i+v6inKqSdK8xrQ==",
            "requires": {
                "protocol-buffers-schema": "^3.3.1"
            }
        },
        "typescript": {
            "version": "4.0.2",
            "resolved": "https://registry.npmjs.org/typescript/-/typescript-4.0.2.tgz",
            "integrity": "sha512-e4ERvRV2wb+rRZ/IQeb3jm2VxBsirQLpQhdxplZ2MEzGvDkkMmPglecnNDfSUBivMjP93vRbngYYDQqQ/78bcQ=="
        },
        "yazl": {
            "version": "2.5.1",
            "resolved": "https://registry.npmjs.org/yazl/-/yazl-2.5.1.tgz",
            "integrity": "sha512-phENi2PLiHnHb6QBVot+dJnaAZ0xosj7p3fWl+znIjBDlnMI2PsZCJZ306BPTFOaHf5qdDEI8x5qFrSOBN5vrw==",
            "requires": {
                "buffer-crc32": "~0.2.3"
            }
        }
    }
}
